// !$*UTF8*$!
{
	archiveVersion = 1;
	classes = {
	};
	objectVersion = 46;
	objects = {

/* Begin PBXBuildFile section */
		34B35C9716466048006F71C5 /* Foundation.framework in Frameworks */ = {isa = PBXBuildFile; fileRef = 34B35C9616466048006F71C5 /* Foundation.framework */; };
		34B35C9916466048006F71C5 /* UIKit.framework in Frameworks */ = {isa = PBXBuildFile; fileRef = 34B35C9816466048006F71C5 /* UIKit.framework */; };
		34B35C9B16466048006F71C5 /* CoreGraphics.framework in Frameworks */ = {isa = PBXBuildFile; fileRef = 34B35C9A16466048006F71C5 /* CoreGraphics.framework */; };
		34B35C9D16466048006F71C5 /* AddressBook.framework in Frameworks */ = {isa = PBXBuildFile; fileRef = 34B35C9C16466048006F71C5 /* AddressBook.framework */; };
		34B35C9F16466048006F71C5 /* AddressBookUI.framework in Frameworks */ = {isa = PBXBuildFile; fileRef = 34B35C9E16466048006F71C5 /* AddressBookUI.framework */; };
		34B35CA116466048006F71C5 /* AudioToolbox.framework in Frameworks */ = {isa = PBXBuildFile; fileRef = 34B35CA016466048006F71C5 /* AudioToolbox.framework */; };
		34B35CA316466048006F71C5 /* AVFoundation.framework in Frameworks */ = {isa = PBXBuildFile; fileRef = 34B35CA216466048006F71C5 /* AVFoundation.framework */; };
		34B35CA516466048006F71C5 /* CoreLocation.framework in Frameworks */ = {isa = PBXBuildFile; fileRef = 34B35CA416466048006F71C5 /* CoreLocation.framework */; };
		34B35CA716466048006F71C5 /* MediaPlayer.framework in Frameworks */ = {isa = PBXBuildFile; fileRef = 34B35CA616466048006F71C5 /* MediaPlayer.framework */; };
		34B35CA916466048006F71C5 /* QuartzCore.framework in Frameworks */ = {isa = PBXBuildFile; fileRef = 34B35CA816466048006F71C5 /* QuartzCore.framework */; };
		34B35CAB16466048006F71C5 /* SystemConfiguration.framework in Frameworks */ = {isa = PBXBuildFile; fileRef = 34B35CAA16466048006F71C5 /* SystemConfiguration.framework */; };
		34B35CAD16466048006F71C5 /* MobileCoreServices.framework in Frameworks */ = {isa = PBXBuildFile; fileRef = 34B35CAC16466048006F71C5 /* MobileCoreServices.framework */; };
		34B35CAF16466048006F71C5 /* CoreMedia.framework in Frameworks */ = {isa = PBXBuildFile; fileRef = 34B35CAE16466048006F71C5 /* CoreMedia.framework */; };
		34B35CB516466048006F71C5 /* InfoPlist.strings in Resources */ = {isa = PBXBuildFile; fileRef = 34B35CB316466048006F71C5 /* InfoPlist.strings */; };
		34B35CB716466048006F71C5 /* main.m in Sources */ = {isa = PBXBuildFile; fileRef = 34B35CB616466048006F71C5 /* main.m */; };
		34B35CBA16466048006F71C5 /* Cordova.framework in Frameworks */ = {isa = PBXBuildFile; fileRef = 34B35CB916466048006F71C5 /* Cordova.framework */; };
		34B35CBF16466048006F71C5 /* Localizable.strings in Resources */ = {isa = PBXBuildFile; fileRef = 34B35CBD16466048006F71C5 /* Localizable.strings */; };
		34B35CC316466048006F71C5 /* Localizable.strings in Resources */ = {isa = PBXBuildFile; fileRef = 34B35CC116466048006F71C5 /* Localizable.strings */; };
		34B35CC716466048006F71C5 /* Localizable.strings in Resources */ = {isa = PBXBuildFile; fileRef = 34B35CC516466048006F71C5 /* Localizable.strings */; };
		34B35CCB16466049006F71C5 /* Localizable.strings in Resources */ = {isa = PBXBuildFile; fileRef = 34B35CC916466049006F71C5 /* Localizable.strings */; };
		34B35CCE16466049006F71C5 /* icon.png in Resources */ = {isa = PBXBuildFile; fileRef = 34B35CCD16466049006F71C5 /* icon.png */; };
		34B35CD016466049006F71C5 /* icon@2x.png in Resources */ = {isa = PBXBuildFile; fileRef = 34B35CCF16466049006F71C5 /* icon@2x.png */; };
		34B35CD216466049006F71C5 /* icon-72.png in Resources */ = {isa = PBXBuildFile; fileRef = 34B35CD116466049006F71C5 /* icon-72.png */; };
		34B35CD516466049006F71C5 /* Default~iphone.png in Resources */ = {isa = PBXBuildFile; fileRef = 34B35CD416466049006F71C5 /* Default~iphone.png */; };
		34B35CD716466049006F71C5 /* Default@2x~iphone.png in Resources */ = {isa = PBXBuildFile; fileRef = 34B35CD616466049006F71C5 /* Default@2x~iphone.png */; };
		34B35CD916466049006F71C5 /* Capture.bundle in Resources */ = {isa = PBXBuildFile; fileRef = 34B35CD816466049006F71C5 /* Capture.bundle */; };
		34B35CDB16466049006F71C5 /* Cordova.plist in Resources */ = {isa = PBXBuildFile; fileRef = 34B35CDA16466049006F71C5 /* Cordova.plist */; };
		34B35CDF16466049006F71C5 /* AppDelegate.m in Sources */ = {isa = PBXBuildFile; fileRef = 34B35CDE16466049006F71C5 /* AppDelegate.m */; };
		34B35CE216466049006F71C5 /* MainViewController.m in Sources */ = {isa = PBXBuildFile; fileRef = 34B35CE116466049006F71C5 /* MainViewController.m */; };
		34B35CE416466049006F71C5 /* MainViewController.xib in Resources */ = {isa = PBXBuildFile; fileRef = 34B35CE316466049006F71C5 /* MainViewController.xib */; };
		34B35CE816466049006F71C5 /* verify.sh in Resources */ = {isa = PBXBuildFile; fileRef = 34B35CE716466049006F71C5 /* verify.sh */; };
		34BD190416466339000D74EB /* www in Resources */ = {isa = PBXBuildFile; fileRef = 34BD190316466339000D74EB /* www */; };
/* End PBXBuildFile section */

/* Begin PBXFileReference section */
		34B35C9216466048006F71C5 /* Spottr.app */ = {isa = PBXFileReference; explicitFileType = wrapper.application; includeInIndex = 0; path = Spottr.app; sourceTree = BUILT_PRODUCTS_DIR; };
		34B35C9616466048006F71C5 /* Foundation.framework */ = {isa = PBXFileReference; lastKnownFileType = wrapper.framework; name = Foundation.framework; path = System/Library/Frameworks/Foundation.framework; sourceTree = SDKROOT; };
		34B35C9816466048006F71C5 /* UIKit.framework */ = {isa = PBXFileReference; lastKnownFileType = wrapper.framework; name = UIKit.framework; path = System/Library/Frameworks/UIKit.framework; sourceTree = SDKROOT; };
		34B35C9A16466048006F71C5 /* CoreGraphics.framework */ = {isa = PBXFileReference; lastKnownFileType = wrapper.framework; name = CoreGraphics.framework; path = System/Library/Frameworks/CoreGraphics.framework; sourceTree = SDKROOT; };
		34B35C9C16466048006F71C5 /* AddressBook.framework */ = {isa = PBXFileReference; lastKnownFileType = wrapper.framework; name = AddressBook.framework; path = System/Library/Frameworks/AddressBook.framework; sourceTree = SDKROOT; };
		34B35C9E16466048006F71C5 /* AddressBookUI.framework */ = {isa = PBXFileReference; lastKnownFileType = wrapper.framework; name = AddressBookUI.framework; path = System/Library/Frameworks/AddressBookUI.framework; sourceTree = SDKROOT; };
		34B35CA016466048006F71C5 /* AudioToolbox.framework */ = {isa = PBXFileReference; lastKnownFileType = wrapper.framework; name = AudioToolbox.framework; path = System/Library/Frameworks/AudioToolbox.framework; sourceTree = SDKROOT; };
		34B35CA216466048006F71C5 /* AVFoundation.framework */ = {isa = PBXFileReference; lastKnownFileType = wrapper.framework; name = AVFoundation.framework; path = System/Library/Frameworks/AVFoundation.framework; sourceTree = SDKROOT; };
		34B35CA416466048006F71C5 /* CoreLocation.framework */ = {isa = PBXFileReference; lastKnownFileType = wrapper.framework; name = CoreLocation.framework; path = System/Library/Frameworks/CoreLocation.framework; sourceTree = SDKROOT; };
		34B35CA616466048006F71C5 /* MediaPlayer.framework */ = {isa = PBXFileReference; lastKnownFileType = wrapper.framework; name = MediaPlayer.framework; path = System/Library/Frameworks/MediaPlayer.framework; sourceTree = SDKROOT; };
		34B35CA816466048006F71C5 /* QuartzCore.framework */ = {isa = PBXFileReference; lastKnownFileType = wrapper.framework; name = QuartzCore.framework; path = System/Library/Frameworks/QuartzCore.framework; sourceTree = SDKROOT; };
		34B35CAA16466048006F71C5 /* SystemConfiguration.framework */ = {isa = PBXFileReference; lastKnownFileType = wrapper.framework; name = SystemConfiguration.framework; path = System/Library/Frameworks/SystemConfiguration.framework; sourceTree = SDKROOT; };
		34B35CAC16466048006F71C5 /* MobileCoreServices.framework */ = {isa = PBXFileReference; lastKnownFileType = wrapper.framework; name = MobileCoreServices.framework; path = System/Library/Frameworks/MobileCoreServices.framework; sourceTree = SDKROOT; };
		34B35CAE16466048006F71C5 /* CoreMedia.framework */ = {isa = PBXFileReference; lastKnownFileType = wrapper.framework; name = CoreMedia.framework; path = System/Library/Frameworks/CoreMedia.framework; sourceTree = SDKROOT; };
		34B35CB216466048006F71C5 /* Spottr-Info.plist */ = {isa = PBXFileReference; lastKnownFileType = text.plist.xml; path = "Spottr-Info.plist"; sourceTree = "<group>"; };
		34B35CB416466048006F71C5 /* en */ = {isa = PBXFileReference; lastKnownFileType = text.plist.strings; name = en; path = en.lproj/InfoPlist.strings; sourceTree = "<group>"; };
		34B35CB616466048006F71C5 /* main.m */ = {isa = PBXFileReference; lastKnownFileType = sourcecode.c.objc; path = main.m; sourceTree = "<group>"; };
		34B35CB816466048006F71C5 /* Spottr-Prefix.pch */ = {isa = PBXFileReference; lastKnownFileType = sourcecode.c.h; path = "Spottr-Prefix.pch"; sourceTree = "<group>"; };
		34B35CB916466048006F71C5 /* Cordova.framework */ = {isa = PBXFileReference; lastKnownFileType = wrapper.framework; name = Cordova.framework; path = /Users/Shared/Cordova/Frameworks/Cordova.framework; sourceTree = "<absolute>"; };
		34B35CBE16466048006F71C5 /* en */ = {isa = PBXFileReference; lastKnownFileType = text.plist.strings; name = en; path = Resources/en.lproj/Localizable.strings; sourceTree = "<group>"; };
		34B35CC216466048006F71C5 /* es */ = {isa = PBXFileReference; lastKnownFileType = text.plist.strings; name = es; path = Resources/es.lproj/Localizable.strings; sourceTree = "<group>"; };
		34B35CC616466048006F71C5 /* de */ = {isa = PBXFileReference; lastKnownFileType = text.plist.strings; name = de; path = Resources/de.lproj/Localizable.strings; sourceTree = "<group>"; };
		34B35CCA16466049006F71C5 /* se */ = {isa = PBXFileReference; lastKnownFileType = text.plist.strings; name = se; path = Resources/se.lproj/Localizable.strings; sourceTree = "<group>"; };
		34B35CCD16466049006F71C5 /* icon.png */ = {isa = PBXFileReference; lastKnownFileType = image.png; name = icon.png; path = Resources/icons/icon.png; sourceTree = "<group>"; };
		34B35CCF16466049006F71C5 /* icon@2x.png */ = {isa = PBXFileReference; lastKnownFileType = image.png; name = "icon@2x.png"; path = "Resources/icons/icon@2x.png"; sourceTree = "<group>"; };
		34B35CD116466049006F71C5 /* icon-72.png */ = {isa = PBXFileReference; lastKnownFileType = image.png; name = "icon-72.png"; path = "Resources/icons/icon-72.png"; sourceTree = "<group>"; };
		34B35CD416466049006F71C5 /* Default~iphone.png */ = {isa = PBXFileReference; lastKnownFileType = image.png; name = "Default~iphone.png"; path = "Resources/splash/Default~iphone.png"; sourceTree = "<group>"; };
		34B35CD616466049006F71C5 /* Default@2x~iphone.png */ = {isa = PBXFileReference; lastKnownFileType = image.png; name = "Default@2x~iphone.png"; path = "Resources/splash/Default@2x~iphone.png"; sourceTree = "<group>"; };
		34B35CD816466049006F71C5 /* Capture.bundle */ = {isa = PBXFileReference; lastKnownFileType = "wrapper.plug-in"; name = Capture.bundle; path = Resources/Capture.bundle; sourceTree = "<group>"; };
		34B35CDA16466049006F71C5 /* Cordova.plist */ = {isa = PBXFileReference; lastKnownFileType = text.plist.xml; path = Cordova.plist; sourceTree = "<group>"; };
		34B35CDD16466049006F71C5 /* AppDelegate.h */ = {isa = PBXFileReference; lastKnownFileType = sourcecode.c.h; name = AppDelegate.h; path = Classes/AppDelegate.h; sourceTree = "<group>"; };
		34B35CDE16466049006F71C5 /* AppDelegate.m */ = {isa = PBXFileReference; lastKnownFileType = sourcecode.c.objc; name = AppDelegate.m; path = Classes/AppDelegate.m; sourceTree = "<group>"; };
		34B35CE016466049006F71C5 /* MainViewController.h */ = {isa = PBXFileReference; lastKnownFileType = sourcecode.c.h; name = MainViewController.h; path = Classes/MainViewController.h; sourceTree = "<group>"; };
		34B35CE116466049006F71C5 /* MainViewController.m */ = {isa = PBXFileReference; lastKnownFileType = sourcecode.c.objc; name = MainViewController.m; path = Classes/MainViewController.m; sourceTree = "<group>"; };
		34B35CE316466049006F71C5 /* MainViewController.xib */ = {isa = PBXFileReference; lastKnownFileType = file.xib; name = MainViewController.xib; path = Classes/MainViewController.xib; sourceTree = "<group>"; };
		34B35CE616466049006F71C5 /* README */ = {isa = PBXFileReference; lastKnownFileType = text; name = README; path = Plugins/README; sourceTree = "<group>"; };
		34B35CE716466049006F71C5 /* verify.sh */ = {isa = PBXFileReference; lastKnownFileType = text.script.sh; path = verify.sh; sourceTree = "<group>"; };
		34BD190316466339000D74EB /* www */ = {isa = PBXFileReference; lastKnownFileType = folder; path = www; sourceTree = "<group>"; };
/* End PBXFileReference section */

/* Begin PBXFrameworksBuildPhase section */
		34B35C8C16466048006F71C5 /* Frameworks */ = {
			isa = PBXFrameworksBuildPhase;
			buildActionMask = 2147483647;
			files = (
				34B35C9716466048006F71C5 /* Foundation.framework in Frameworks */,
				34B35C9916466048006F71C5 /* UIKit.framework in Frameworks */,
				34B35C9B16466048006F71C5 /* CoreGraphics.framework in Frameworks */,
				34B35C9D16466048006F71C5 /* AddressBook.framework in Frameworks */,
				34B35C9F16466048006F71C5 /* AddressBookUI.framework in Frameworks */,
				34B35CA116466048006F71C5 /* AudioToolbox.framework in Frameworks */,
				34B35CA316466048006F71C5 /* AVFoundation.framework in Frameworks */,
				34B35CA516466048006F71C5 /* CoreLocation.framework in Frameworks */,
				34B35CA716466048006F71C5 /* MediaPlayer.framework in Frameworks */,
				34B35CA916466048006F71C5 /* QuartzCore.framework in Frameworks */,
				34B35CAB16466048006F71C5 /* SystemConfiguration.framework in Frameworks */,
				34B35CAD16466048006F71C5 /* MobileCoreServices.framework in Frameworks */,
				34B35CAF16466048006F71C5 /* CoreMedia.framework in Frameworks */,
				34B35CBA16466048006F71C5 /* Cordova.framework in Frameworks */,
			);
			runOnlyForDeploymentPostprocessing = 0;
		};
		34B35C8F16466048006F71C5 /* Frameworks */ = {
			isa = PBXFrameworksBuildPhase;
			buildActionMask = 2147483647;
			files = (
			);
			runOnlyForDeploymentPostprocessing = 0;
		};
/* End PBXFrameworksBuildPhase section */

/* Begin PBXGroup section */
		34B35C8416466047006F71C5 = {
			isa = PBXGroup;
			children = (
				34BD190316466339000D74EB /* www */,
				34B35CB016466048006F71C5 /* Spottr */,
				34B35C9516466048006F71C5 /* Frameworks */,
				34B35C9316466048006F71C5 /* Products */,
			);
			sourceTree = "<group>";
		};
		34B35C9316466048006F71C5 /* Products */ = {
			isa = PBXGroup;
			children = (
				34B35C9216466048006F71C5 /* Spottr.app */,
			);
			name = Products;
			sourceTree = "<group>";
		};
		34B35C9516466048006F71C5 /* Frameworks */ = {
			isa = PBXGroup;
			children = (
				34B35C9616466048006F71C5 /* Foundation.framework */,
				34B35C9816466048006F71C5 /* UIKit.framework */,
				34B35C9A16466048006F71C5 /* CoreGraphics.framework */,
				34B35C9C16466048006F71C5 /* AddressBook.framework */,
				34B35C9E16466048006F71C5 /* AddressBookUI.framework */,
				34B35CA016466048006F71C5 /* AudioToolbox.framework */,
				34B35CA216466048006F71C5 /* AVFoundation.framework */,
				34B35CA416466048006F71C5 /* CoreLocation.framework */,
				34B35CA616466048006F71C5 /* MediaPlayer.framework */,
				34B35CA816466048006F71C5 /* QuartzCore.framework */,
				34B35CAA16466048006F71C5 /* SystemConfiguration.framework */,
				34B35CAC16466048006F71C5 /* MobileCoreServices.framework */,
				34B35CAE16466048006F71C5 /* CoreMedia.framework */,
			);
			name = Frameworks;
			sourceTree = "<group>";
		};
		34B35CB016466048006F71C5 /* Spottr */ = {
			isa = PBXGroup;
			children = (
				34B35CB916466048006F71C5 /* Cordova.framework */,
				34B35CBB16466048006F71C5 /* Resources */,
				34B35CDC16466049006F71C5 /* Classes */,
				34B35CE516466049006F71C5 /* Plugins */,
				34B35CB116466048006F71C5 /* Supporting Files */,
			);
			path = Spottr;
			sourceTree = "<group>";
		};
		34B35CB116466048006F71C5 /* Supporting Files */ = {
			isa = PBXGroup;
			children = (
				34B35CB216466048006F71C5 /* Spottr-Info.plist */,
				34B35CB316466048006F71C5 /* InfoPlist.strings */,
				34B35CB616466048006F71C5 /* main.m */,
				34B35CB816466048006F71C5 /* Spottr-Prefix.pch */,
				34B35CDA16466049006F71C5 /* Cordova.plist */,
				34B35CE316466049006F71C5 /* MainViewController.xib */,
				34B35CE716466049006F71C5 /* verify.sh */,
			);
			name = "Supporting Files";
			sourceTree = "<group>";
		};
		34B35CBB16466048006F71C5 /* Resources */ = {
			isa = PBXGroup;
			children = (
				34B35CD816466049006F71C5 /* Capture.bundle */,
				34B35CBC16466048006F71C5 /* en.lproj */,
				34B35CC016466048006F71C5 /* es.lproj */,
				34B35CC416466048006F71C5 /* de.lproj */,
				34B35CC816466049006F71C5 /* se.lproj */,
				34B35CCC16466049006F71C5 /* icons */,
				34B35CD316466049006F71C5 /* splash */,
			);
			name = Resources;
			sourceTree = "<group>";
		};
		34B35CBC16466048006F71C5 /* en.lproj */ = {
			isa = PBXGroup;
			children = (
				34B35CBD16466048006F71C5 /* Localizable.strings */,
			);
			name = en.lproj;
			sourceTree = "<group>";
		};
		34B35CC016466048006F71C5 /* es.lproj */ = {
			isa = PBXGroup;
			children = (
				34B35CC116466048006F71C5 /* Localizable.strings */,
			);
			name = es.lproj;
			sourceTree = "<group>";
		};
		34B35CC416466048006F71C5 /* de.lproj */ = {
			isa = PBXGroup;
			children = (
				34B35CC516466048006F71C5 /* Localizable.strings */,
			);
			name = de.lproj;
			sourceTree = "<group>";
		};
		34B35CC816466049006F71C5 /* se.lproj */ = {
			isa = PBXGroup;
			children = (
				34B35CC916466049006F71C5 /* Localizable.strings */,
			);
			name = se.lproj;
			sourceTree = "<group>";
		};
		34B35CCC16466049006F71C5 /* icons */ = {
			isa = PBXGroup;
			children = (
				34B35CCD16466049006F71C5 /* icon.png */,
				34B35CCF16466049006F71C5 /* icon@2x.png */,
				34B35CD116466049006F71C5 /* icon-72.png */,
			);
			name = icons;
			sourceTree = "<group>";
		};
		34B35CD316466049006F71C5 /* splash */ = {
			isa = PBXGroup;
			children = (
				34B35CD416466049006F71C5 /* Default~iphone.png */,
				34B35CD616466049006F71C5 /* Default@2x~iphone.png */,
			);
			name = splash;
			sourceTree = "<group>";
		};
		34B35CDC16466049006F71C5 /* Classes */ = {
			isa = PBXGroup;
			children = (
				34B35CDD16466049006F71C5 /* AppDelegate.h */,
				34B35CDE16466049006F71C5 /* AppDelegate.m */,
				34B35CE016466049006F71C5 /* MainViewController.h */,
				34B35CE116466049006F71C5 /* MainViewController.m */,
			);
			name = Classes;
			sourceTree = "<group>";
		};
		34B35CE516466049006F71C5 /* Plugins */ = {
			isa = PBXGroup;
			children = (
				34B35CE616466049006F71C5 /* README */,
			);
			name = Plugins;
			sourceTree = "<group>";
		};
/* End PBXGroup section */

/* Begin PBXNativeTarget section */
		34B35C9116466048006F71C5 /* Spottr */ = {
			isa = PBXNativeTarget;
			buildConfigurationList = 34B35CEB16466049006F71C5 /* Build configuration list for PBXNativeTarget "Spottr" */;
			buildPhases = (
				34B35C8B16466048006F71C5 /* Sources */,
				34B35C8C16466048006F71C5 /* Frameworks */,
				34B35C8D16466048006F71C5 /* Resources */,
				34B35C8E16466048006F71C5 /* Sources */,
				34B35C8F16466048006F71C5 /* Frameworks */,
				34B35C9016466048006F71C5 /* ShellScript */,
			);
			buildRules = (
			);
			dependencies = (
			);
			name = Spottr;
			productName = Spottr;
			productReference = 34B35C9216466048006F71C5 /* Spottr.app */;
			productType = "com.apple.product-type.application";
		};
/* End PBXNativeTarget section */

/* Begin PBXProject section */
		34B35C8616466047006F71C5 /* Project object */ = {
			isa = PBXProject;
			attributes = {
				LastUpgradeCheck = 0450;
				ORGANIZATIONNAME = Changer;
			};
			buildConfigurationList = 34B35C8916466047006F71C5 /* Build configuration list for PBXProject "Spottr" */;
			compatibilityVersion = "Xcode 3.2";
			developmentRegion = English;
			hasScannedForEncodings = 0;
			knownRegions = (
				en,
				es,
				de,
				se,
			);
			mainGroup = 34B35C8416466047006F71C5;
			productRefGroup = 34B35C9316466048006F71C5 /* Products */;
			projectDirPath = "";
			projectRoot = "";
			targets = (
				34B35C9116466048006F71C5 /* Spottr */,
			);
		};
/* End PBXProject section */

/* Begin PBXResourcesBuildPhase section */
		34B35C8D16466048006F71C5 /* Resources */ = {
			isa = PBXResourcesBuildPhase;
			buildActionMask = 2147483647;
			files = (
				34B35CB516466048006F71C5 /* InfoPlist.strings in Resources */,
				34B35CBF16466048006F71C5 /* Localizable.strings in Resources */,
				34B35CC316466048006F71C5 /* Localizable.strings in Resources */,
				34B35CC716466048006F71C5 /* Localizable.strings in Resources */,
				34B35CCB16466049006F71C5 /* Localizable.strings in Resources */,
				34B35CCE16466049006F71C5 /* icon.png in Resources */,
				34B35CD016466049006F71C5 /* icon@2x.png in Resources */,
				34B35CD216466049006F71C5 /* icon-72.png in Resources */,
				34B35CD516466049006F71C5 /* Default~iphone.png in Resources */,
				34B35CD716466049006F71C5 /* Default@2x~iphone.png in Resources */,
				34B35CD916466049006F71C5 /* Capture.bundle in Resources */,
				34B35CDB16466049006F71C5 /* Cordova.plist in Resources */,
				34B35CE416466049006F71C5 /* MainViewController.xib in Resources */,
				34B35CE816466049006F71C5 /* verify.sh in Resources */,
				34BD190416466339000D74EB /* www in Resources */,
			);
			runOnlyForDeploymentPostprocessing = 0;
		};
/* End PBXResourcesBuildPhase section */

/* Begin PBXShellScriptBuildPhase section */
		34B35C9016466048006F71C5 /* ShellScript */ = {
			isa = PBXShellScriptBuildPhase;
			buildActionMask = 2147483647;
			files = (
			);
			inputPaths = (
			);
			outputPaths = (
			);
			runOnlyForDeploymentPostprocessing = 0;
			shellPath = /bin/bash;
			shellScript = "\n\t\t\t\t\t\t\t\tchmod 755 \"$PROJECT_DIR/$PROJECT_NAME/verify.sh\"\n\t\t\t\t\t\t\t\t\"$PROJECT_DIR/$PROJECT_NAME/verify.sh\"\n\t\t\t\t\t";
		};
/* End PBXShellScriptBuildPhase section */

/* Begin PBXSourcesBuildPhase section */
		34B35C8B16466048006F71C5 /* Sources */ = {
			isa = PBXSourcesBuildPhase;
			buildActionMask = 2147483647;
			files = (
				34B35CB716466048006F71C5 /* main.m in Sources */,
				34B35CDF16466049006F71C5 /* AppDelegate.m in Sources */,
				34B35CE216466049006F71C5 /* MainViewController.m in Sources */,
			);
			runOnlyForDeploymentPostprocessing = 0;
		};
		34B35C8E16466048006F71C5 /* Sources */ = {
			isa = PBXSourcesBuildPhase;
			buildActionMask = 2147483647;
			files = (
			);
			runOnlyForDeploymentPostprocessing = 0;
		};
/* End PBXSourcesBuildPhase section */

/* Begin PBXVariantGroup section */
		34B35CB316466048006F71C5 /* InfoPlist.strings */ = {
			isa = PBXVariantGroup;
			children = (
				34B35CB416466048006F71C5 /* en */,
			);
			name = InfoPlist.strings;
			sourceTree = "<group>";
		};
		34B35CBD16466048006F71C5 /* Localizable.strings */ = {
			isa = PBXVariantGroup;
			children = (
				34B35CBE16466048006F71C5 /* en */,
			);
			name = Localizable.strings;
			sourceTree = "<group>";
		};
		34B35CC116466048006F71C5 /* Localizable.strings */ = {
			isa = PBXVariantGroup;
			children = (
				34B35CC216466048006F71C5 /* es */,
			);
			name = Localizable.strings;
			sourceTree = "<group>";
		};
		34B35CC516466048006F71C5 /* Localizable.strings */ = {
			isa = PBXVariantGroup;
			children = (
				34B35CC616466048006F71C5 /* de */,
			);
			name = Localizable.strings;
			sourceTree = "<group>";
		};
		34B35CC916466049006F71C5 /* Localizable.strings */ = {
			isa = PBXVariantGroup;
			children = (
				34B35CCA16466049006F71C5 /* se */,
			);
			name = Localizable.strings;
			sourceTree = "<group>";
		};
/* End PBXVariantGroup section */

/* Begin XCBuildConfiguration section */
		34B35CE916466049006F71C5 /* Debug */ = {
			isa = XCBuildConfiguration;
			buildSettings = {
				ALWAYS_SEARCH_USER_PATHS = NO;
				ARCHS = (
					armv6,
					"$(ARCHS_STANDARD_32_BIT)",
				);
				CLANG_CXX_LANGUAGE_STANDARD = "gnu++0x";
				CLANG_CXX_LIBRARY = "libc++";
				CLANG_WARN_EMPTY_BODY = YES;
				CLANG_WARN__DUPLICATE_METHOD_MATCH = YES;
				"CODE_SIGN_IDENTITY[sdk=iphoneos*]" = "iPhone Developer";
				COPY_PHASE_STRIP = NO;
				GCC_C_LANGUAGE_STANDARD = gnu99;
				GCC_DYNAMIC_NO_PIC = NO;
				GCC_OPTIMIZATION_LEVEL = 0;
				GCC_PREPROCESSOR_DEFINITIONS = (
					"DEBUG=1",
					"$(inherited)",
				);
				GCC_SYMBOLS_PRIVATE_EXTERN = NO;
				GCC_VERSION = com.apple.compilers.llvm.clang.1_0;
				GCC_WARN_ABOUT_RETURN_TYPE = YES;
				GCC_WARN_UNINITIALIZED_AUTOS = YES;
				GCC_WARN_UNUSED_VARIABLE = YES;
				IPHONEOS_DEPLOYMENT_TARGET = 3.0;
				SDKROOT = iphoneos;
			};
			name = Debug;
		};
		34B35CEA16466049006F71C5 /* Release */ = {
			isa = XCBuildConfiguration;
			buildSettings = {
				ALWAYS_SEARCH_USER_PATHS = NO;
				ARCHS = (
					armv6,
					"$(ARCHS_STANDARD_32_BIT)",
				);
				CLANG_CXX_LANGUAGE_STANDARD = "gnu++0x";
				CLANG_CXX_LIBRARY = "libc++";
				CLANG_WARN_EMPTY_BODY = YES;
				CLANG_WARN__DUPLICATE_METHOD_MATCH = YES;
				"CODE_SIGN_IDENTITY[sdk=iphoneos*]" = "iPhone Developer";
				COPY_PHASE_STRIP = YES;
				GCC_C_LANGUAGE_STANDARD = gnu99;
				GCC_VERSION = com.apple.compilers.llvm.clang.1_0;
				GCC_WARN_ABOUT_RETURN_TYPE = YES;
				GCC_WARN_UNINITIALIZED_AUTOS = YES;
				GCC_WARN_UNUSED_VARIABLE = YES;
				IPHONEOS_DEPLOYMENT_TARGET = 3.0;
				SDKROOT = iphoneos;
				VALIDATE_PRODUCT = YES;
			};
			name = Release;
		};
		34B35CEC16466049006F71C5 /* Debug */ = {
			isa = XCBuildConfiguration;
			buildSettings = {
				ALWAYS_SEARCH_USER_PATHS = YES;
				COPY_PHASE_STRIP = NO;
				FRAMEWORK_SEARCH_PATHS = /Users/Shared/Cordova/Frameworks;
				GCC_DYNAMIC_NO_PIC = NO;
				GCC_PRECOMPILE_PREFIX_HEADER = YES;
				GCC_PREFIX_HEADER = "Spottr/Spottr-Prefix.pch";
				GCC_PREPROCESSOR_DEFINITIONS = (
					"DEBUG=1,",
					"CORDOVA_FRAMEWORK=1",
				);
				INFOPLIST_FILE = "Spottr/Spottr-Info.plist";
				OTHER_LDFLAGS = (
					"-weak_framework",
					UIKit,
					"-weak_framework",
					AVFoundation,
					"-weak_framework",
					CoreMedia,
					"-weak_library",
					/usr/lib/libSystem.B.dylib,
				);
				PRODUCT_NAME = "$(TARGET_NAME)";
				TARGETED_DEVICE_FAMILY = "1,2";
				WRAPPER_EXTENSION = app;
			};
			name = Debug;
		};
		34B35CED16466049006F71C5 /* Release */ = {
			isa = XCBuildConfiguration;
			buildSettings = {
				ALWAYS_SEARCH_USER_PATHS = YES;
				COPY_PHASE_STRIP = YES;
				DEBUG_INFORMATION_FORMAT = "dwarf-with-dsym";
				FRAMEWORK_SEARCH_PATHS = /Users/Shared/Cordova/Frameworks;
				GCC_PRECOMPILE_PREFIX_HEADER = YES;
				GCC_PREFIX_HEADER = "Spottr/Spottr-Prefix.pch";
				GCC_PREPROCESSOR_DEFINITIONS = (
					"NDEBUG=1,",
					"CORDOVA_FRAMEWORK=1",
				);
				INFOPLIST_FILE = "Spottr/Spottr-Info.plist";
				OTHER_LDFLAGS = (
					"-weak_framework",
					UIKit,
					"-weak_framework",
					AVFoundation,
					"-weak_framework",
					CoreMedia,
					"-weak_library",
					/usr/lib/libSystem.B.dylib,
				);
				PRODUCT_NAME = "$(TARGET_NAME)";
				TARGETED_DEVICE_FAMILY = "1,2";
				VALIDATE_PRODUCT = YES;
				WRAPPER_EXTENSION = app;
			};
			name = Release;
		};
/* End XCBuildConfiguration section */

/* Begin XCConfigurationList section */
		34B35C8916466047006F71C5 /* Build configuration list for PBXProject "Spottr" */ = {
			isa = XCConfigurationList;
			buildConfigurations = (
				34B35CE916466049006F71C5 /* Debug */,
				34B35CEA16466049006F71C5 /* Release */,
			);
			defaultConfigurationIsVisible = 0;
			defaultConfigurationName = Release;
		};
		34B35CEB16466049006F71C5 /* Build configuration list for PBXNativeTarget "Spottr" */ = {
			isa = XCConfigurationList;
			buildConfigurations = (
				34B35CEC16466049006F71C5 /* Debug */,
				34B35CED16466049006F71C5 /* Release */,
			);
			defaultConfigurationIsVisible = 0;
			defaultConfigurationName = Release;
		};
/* End XCConfigurationList section */
	};
	rootObject = 34B35C8616466047006F71C5 /* Project object */;
}
